// !$*UTF8*$!
{
	archiveVersion = 1;
	classes = {
	};
	objectVersion = 56;
	objects = {

/* Begin PBXBuildFile section */
		CA9DACA02C79D39000ACFE80 /* AppDelegate.swift in Sources */ = {isa = PBXBuildFile; fileRef = CA9DAC9F2C79D39000ACFE80 /* AppDelegate.swift */; };
		CA9DACA22C79D39000ACFE80 /* SceneDelegate.swift in Sources */ = {isa = PBXBuildFile; fileRef = CA9DACA12C79D39000ACFE80 /* SceneDelegate.swift */; };
		CA9DACAA2C79D39000ACFE80 /* ToDoList.xcdatamodeld in Sources */ = {isa = PBXBuildFile; fileRef = CA9DACA82C79D39000ACFE80 /* ToDoList.xcdatamodeld */; };
		CA9DACAC2C79D39000ACFE80 /* Assets.xcassets in Resources */ = {isa = PBXBuildFile; fileRef = CA9DACAB2C79D39000ACFE80 /* Assets.xcassets */; };
		CA9DACAF2C79D39000ACFE80 /* Base in Resources */ = {isa = PBXBuildFile; fileRef = CA9DACAE2C79D39000ACFE80 /* Base */; };
		CA9DACDA2C79D4DD00ACFE80 /* ToDoListViewController.swift in Sources */ = {isa = PBXBuildFile; fileRef = CA9DACD92C79D4DD00ACFE80 /* ToDoListViewController.swift */; };
		CA9DACDC2C79D4E800ACFE80 /* ToDoListPresenter.swift in Sources */ = {isa = PBXBuildFile; fileRef = CA9DACDB2C79D4E800ACFE80 /* ToDoListPresenter.swift */; };
		CA9DACDE2C79D4F400ACFE80 /* ToDoListInteractor.swift in Sources */ = {isa = PBXBuildFile; fileRef = CA9DACDD2C79D4F400ACFE80 /* ToDoListInteractor.swift */; };
		CA9DACE02C79D50000ACFE80 /* ToDoListRouter.swift in Sources */ = {isa = PBXBuildFile; fileRef = CA9DACDF2C79D50000ACFE80 /* ToDoListRouter.swift */; };
		CA9DACE22C79D84100ACFE80 /* CoreDataManager.swift in Sources */ = {isa = PBXBuildFile; fileRef = CA9DACE12C79D84100ACFE80 /* CoreDataManager.swift */; };
		CA9DACE82C79E09600ACFE80 /* ToDoTableViewCell.swift in Sources */ = {isa = PBXBuildFile; fileRef = CA9DACE72C79E09600ACFE80 /* ToDoTableViewCell.swift */; };
		CA9DACEA2C79E51D00ACFE80 /* AddToDoViewController.swift in Sources */ = {isa = PBXBuildFile; fileRef = CA9DACE92C79E51D00ACFE80 /* AddToDoViewController.swift */; };
		CA9DACEC2C7A04AA00ACFE80 /* EditToDoViewController.swift in Sources */ = {isa = PBXBuildFile; fileRef = CA9DACEB2C7A04AA00ACFE80 /* EditToDoViewController.swift */; };
		CA9DACF22C7A359100ACFE80 /* Alamofire in Frameworks */ = {isa = PBXBuildFile; productRef = CA9DACF12C7A359100ACFE80 /* Alamofire */; };
		CA9DACF82C7A65DB00ACFE80 /* AddToDoInteractor.swift in Sources */ = {isa = PBXBuildFile; fileRef = CA9DACF72C7A65DB00ACFE80 /* AddToDoInteractor.swift */; };
		CA9DACFB2C7A660A00ACFE80 /* AddToDoPresenter.swift in Sources */ = {isa = PBXBuildFile; fileRef = CA9DACFA2C7A660A00ACFE80 /* AddToDoPresenter.swift */; };
		CA9DACFE2C7A662900ACFE80 /* AddToDoRouter.swift in Sources */ = {isa = PBXBuildFile; fileRef = CA9DACFD2C7A662900ACFE80 /* AddToDoRouter.swift */; };
		CA9DAD032C7A709A00ACFE80 /* EditToDoInteractor.swift in Sources */ = {isa = PBXBuildFile; fileRef = CA9DAD022C7A709A00ACFE80 /* EditToDoInteractor.swift */; };
		CA9DAD062C7A710200ACFE80 /* EditToDoPresenter.swift in Sources */ = {isa = PBXBuildFile; fileRef = CA9DAD052C7A710200ACFE80 /* EditToDoPresenter.swift */; };
		CA9DAD092C7A713500ACFE80 /* EditToDoRouter.swift in Sources */ = {isa = PBXBuildFile; fileRef = CA9DAD082C7A713500ACFE80 /* EditToDoRouter.swift */; };
		CA9DAD0B2C7B157500ACFE80 /* ToDoEntity.swift in Sources */ = {isa = PBXBuildFile; fileRef = CA9DAD0A2C7B157500ACFE80 /* ToDoEntity.swift */; };
		CAC10B112C7B438500DB451D /* ToDoListInteractorTests.swift in Sources */ = {isa = PBXBuildFile; fileRef = CAC10B0E2C7B438500DB451D /* ToDoListInteractorTests.swift */; };
		CAC10B122C7B438500DB451D /* ToDoListRouterTests.swift in Sources */ = {isa = PBXBuildFile; fileRef = CAC10B0F2C7B438500DB451D /* ToDoListRouterTests.swift */; };
		CAC10B132C7B438500DB451D /* todos.json in Resources */ = {isa = PBXBuildFile; fileRef = CAC10B102C7B438500DB451D /* todos.json */; };
/* End PBXBuildFile section */

/* Begin PBXContainerItemProxy section */
		CAC10B092C7B436C00DB451D /* PBXContainerItemProxy */ = {
			isa = PBXContainerItemProxy;
			containerPortal = CA9DAC942C79D39000ACFE80 /* Project object */;
			proxyType = 1;
			remoteGlobalIDString = CA9DAC9B2C79D39000ACFE80;
			remoteInfo = ToDoList;
		};
/* End PBXContainerItemProxy section */

/* Begin PBXFileReference section */
		CA9DAC9C2C79D39000ACFE80 /* ToDoList.app */ = {isa = PBXFileReference; explicitFileType = wrapper.application; includeInIndex = 0; path = ToDoList.app; sourceTree = BUILT_PRODUCTS_DIR; };
		CA9DAC9F2C79D39000ACFE80 /* AppDelegate.swift */ = {isa = PBXFileReference; lastKnownFileType = sourcecode.swift; path = AppDelegate.swift; sourceTree = "<group>"; };
		CA9DACA12C79D39000ACFE80 /* SceneDelegate.swift */ = {isa = PBXFileReference; lastKnownFileType = sourcecode.swift; path = SceneDelegate.swift; sourceTree = "<group>"; };
		CA9DACA92C79D39000ACFE80 /* ToDoList.xcdatamodel */ = {isa = PBXFileReference; lastKnownFileType = wrapper.xcdatamodel; path = ToDoList.xcdatamodel; sourceTree = "<group>"; };
		CA9DACAB2C79D39000ACFE80 /* Assets.xcassets */ = {isa = PBXFileReference; lastKnownFileType = folder.assetcatalog; path = Assets.xcassets; sourceTree = "<group>"; };
		CA9DACAE2C79D39000ACFE80 /* Base */ = {isa = PBXFileReference; lastKnownFileType = file.storyboard; name = Base; path = Base.lproj/LaunchScreen.storyboard; sourceTree = "<group>"; };
		CA9DACB02C79D39000ACFE80 /* Info.plist */ = {isa = PBXFileReference; lastKnownFileType = text.plist.xml; path = Info.plist; sourceTree = "<group>"; };
		CA9DACD92C79D4DD00ACFE80 /* ToDoListViewController.swift */ = {isa = PBXFileReference; lastKnownFileType = sourcecode.swift; path = ToDoListViewController.swift; sourceTree = "<group>"; };
		CA9DACDB2C79D4E800ACFE80 /* ToDoListPresenter.swift */ = {isa = PBXFileReference; lastKnownFileType = sourcecode.swift; path = ToDoListPresenter.swift; sourceTree = "<group>"; };
		CA9DACDD2C79D4F400ACFE80 /* ToDoListInteractor.swift */ = {isa = PBXFileReference; lastKnownFileType = sourcecode.swift; path = ToDoListInteractor.swift; sourceTree = "<group>"; };
		CA9DACDF2C79D50000ACFE80 /* ToDoListRouter.swift */ = {isa = PBXFileReference; lastKnownFileType = sourcecode.swift; path = ToDoListRouter.swift; sourceTree = "<group>"; };
		CA9DACE12C79D84100ACFE80 /* CoreDataManager.swift */ = {isa = PBXFileReference; lastKnownFileType = sourcecode.swift; path = CoreDataManager.swift; sourceTree = "<group>"; };
		CA9DACE72C79E09600ACFE80 /* ToDoTableViewCell.swift */ = {isa = PBXFileReference; lastKnownFileType = sourcecode.swift; path = ToDoTableViewCell.swift; sourceTree = "<group>"; };
		CA9DACE92C79E51D00ACFE80 /* AddToDoViewController.swift */ = {isa = PBXFileReference; lastKnownFileType = sourcecode.swift; path = AddToDoViewController.swift; sourceTree = "<group>"; };
		CA9DACEB2C7A04AA00ACFE80 /* EditToDoViewController.swift */ = {isa = PBXFileReference; lastKnownFileType = sourcecode.swift; path = EditToDoViewController.swift; sourceTree = "<group>"; };
		CA9DACF72C7A65DB00ACFE80 /* AddToDoInteractor.swift */ = {isa = PBXFileReference; lastKnownFileType = sourcecode.swift; path = AddToDoInteractor.swift; sourceTree = "<group>"; };
		CA9DACFA2C7A660A00ACFE80 /* AddToDoPresenter.swift */ = {isa = PBXFileReference; lastKnownFileType = sourcecode.swift; path = AddToDoPresenter.swift; sourceTree = "<group>"; };
		CA9DACFD2C7A662900ACFE80 /* AddToDoRouter.swift */ = {isa = PBXFileReference; lastKnownFileType = sourcecode.swift; path = AddToDoRouter.swift; sourceTree = "<group>"; };
		CA9DAD022C7A709A00ACFE80 /* EditToDoInteractor.swift */ = {isa = PBXFileReference; lastKnownFileType = sourcecode.swift; path = EditToDoInteractor.swift; sourceTree = "<group>"; };
		CA9DAD052C7A710200ACFE80 /* EditToDoPresenter.swift */ = {isa = PBXFileReference; lastKnownFileType = sourcecode.swift; path = EditToDoPresenter.swift; sourceTree = "<group>"; };
		CA9DAD082C7A713500ACFE80 /* EditToDoRouter.swift */ = {isa = PBXFileReference; lastKnownFileType = sourcecode.swift; path = EditToDoRouter.swift; sourceTree = "<group>"; };
		CA9DAD0A2C7B157500ACFE80 /* ToDoEntity.swift */ = {isa = PBXFileReference; lastKnownFileType = sourcecode.swift; path = ToDoEntity.swift; sourceTree = "<group>"; };
		CAC10B052C7B436C00DB451D /* ToDoListTests.xctest */ = {isa = PBXFileReference; explicitFileType = wrapper.cfbundle; includeInIndex = 0; path = ToDoListTests.xctest; sourceTree = BUILT_PRODUCTS_DIR; };
		CAC10B0E2C7B438500DB451D /* ToDoListInteractorTests.swift */ = {isa = PBXFileReference; fileEncoding = 4; lastKnownFileType = sourcecode.swift; name = ToDoListInteractorTests.swift; path = ../../ToDoListInteractorTests.swift; sourceTree = "<group>"; };
		CAC10B0F2C7B438500DB451D /* ToDoListRouterTests.swift */ = {isa = PBXFileReference; fileEncoding = 4; lastKnownFileType = sourcecode.swift; name = ToDoListRouterTests.swift; path = ../../ToDoListRouterTests.swift; sourceTree = "<group>"; };
		CAC10B102C7B438500DB451D /* todos.json */ = {isa = PBXFileReference; fileEncoding = 4; lastKnownFileType = text.json; name = todos.json; path = ../../todos.json; sourceTree = "<group>"; };
		CAC10B142C7B439600DB451D /* ToDoList.xctestplan */ = {isa = PBXFileReference; lastKnownFileType = text; path = ToDoList.xctestplan; sourceTree = "<group>"; };
/* End PBXFileReference section */

/* Begin PBXFrameworksBuildPhase section */
		CA9DAC992C79D39000ACFE80 /* Frameworks */ = {
			isa = PBXFrameworksBuildPhase;
			buildActionMask = 2147483647;
			files = (
				CA9DACF22C7A359100ACFE80 /* Alamofire in Frameworks */,
			);
			runOnlyForDeploymentPostprocessing = 0;
		};
		CAC10B022C7B436C00DB451D /* Frameworks */ = {
			isa = PBXFrameworksBuildPhase;
			buildActionMask = 2147483647;
			files = (
			);
			runOnlyForDeploymentPostprocessing = 0;
		};
/* End PBXFrameworksBuildPhase section */

/* Begin PBXGroup section */
		CA9DAC932C79D39000ACFE80 = {
			isa = PBXGroup;
			children = (
				CAC10B142C7B439600DB451D /* ToDoList.xctestplan */,
				CA9DAC9E2C79D39000ACFE80 /* ToDoList */,
				CAC10B062C7B436C00DB451D /* ToDoListTests */,
				CA9DAC9D2C79D39000ACFE80 /* Products */,
			);
			sourceTree = "<group>";
		};
		CA9DAC9D2C79D39000ACFE80 /* Products */ = {
			isa = PBXGroup;
			children = (
				CA9DAC9C2C79D39000ACFE80 /* ToDoList.app */,
				CAC10B052C7B436C00DB451D /* ToDoListTests.xctest */,
			);
			name = Products;
			sourceTree = "<group>";
		};
		CA9DAC9E2C79D39000ACFE80 /* ToDoList */ = {
			isa = PBXGroup;
			children = (
				CA9DACD32C79D48B00ACFE80 /* Modules */,
				CA9DACD22C79D46C00ACFE80 /* App */,
				CA9DACB02C79D39000ACFE80 /* Info.plist */,
			);
			path = ToDoList;
			sourceTree = "<group>";
		};
		CA9DACD22C79D46C00ACFE80 /* App */ = {
			isa = PBXGroup;
			children = (
				CA9DAC9F2C79D39000ACFE80 /* AppDelegate.swift */,
				CA9DACA12C79D39000ACFE80 /* SceneDelegate.swift */,
				CA9DACAB2C79D39000ACFE80 /* Assets.xcassets */,
				CA9DACAD2C79D39000ACFE80 /* LaunchScreen.storyboard */,
				CA9DACE12C79D84100ACFE80 /* CoreDataManager.swift */,
			);
			path = App;
			sourceTree = "<group>";
		};
		CA9DACD32C79D48B00ACFE80 /* Modules */ = {
			isa = PBXGroup;
			children = (
				CA9DACFF2C7A707000ACFE80 /* EditToDo */,
				CA9DACF42C7A657000ACFE80 /* AddToDo */,
				CA9DACF32C7A655C00ACFE80 /* ToDoList */,
			);
			path = Modules;
			sourceTree = "<group>";
		};
		CA9DACD42C79D4AE00ACFE80 /* Router */ = {
			isa = PBXGroup;
			children = (
				CA9DACDF2C79D50000ACFE80 /* ToDoListRouter.swift */,
			);
			path = Router;
			sourceTree = "<group>";
		};
		CA9DACD52C79D4B700ACFE80 /* Entity */ = {
			isa = PBXGroup;
			children = (
				CA9DACA82C79D39000ACFE80 /* ToDoList.xcdatamodeld */,
				CA9DAD0A2C7B157500ACFE80 /* ToDoEntity.swift */,
			);
			path = Entity;
			sourceTree = "<group>";
		};
		CA9DACD62C79D4C100ACFE80 /* Interactor */ = {
			isa = PBXGroup;
			children = (
				CA9DACDD2C79D4F400ACFE80 /* ToDoListInteractor.swift */,
			);
			path = Interactor;
			sourceTree = "<group>";
		};
		CA9DACD72C79D4C900ACFE80 /* Presenter */ = {
			isa = PBXGroup;
			children = (
				CA9DACDB2C79D4E800ACFE80 /* ToDoListPresenter.swift */,
			);
			path = Presenter;
			sourceTree = "<group>";
		};
		CA9DACD82C79D4D100ACFE80 /* View */ = {
			isa = PBXGroup;
			children = (
				CA9DACD92C79D4DD00ACFE80 /* ToDoListViewController.swift */,
				CA9DACE72C79E09600ACFE80 /* ToDoTableViewCell.swift */,
			);
			path = View;
			sourceTree = "<group>";
		};
		CA9DACF32C7A655C00ACFE80 /* ToDoList */ = {
			isa = PBXGroup;
			children = (
				CA9DACD82C79D4D100ACFE80 /* View */,
				CA9DACD62C79D4C100ACFE80 /* Interactor */,
				CA9DACD72C79D4C900ACFE80 /* Presenter */,
				CA9DACD52C79D4B700ACFE80 /* Entity */,
				CA9DACD42C79D4AE00ACFE80 /* Router */,
			);
			path = ToDoList;
			sourceTree = "<group>";
		};
		CA9DACF42C7A657000ACFE80 /* AddToDo */ = {
			isa = PBXGroup;
			children = (
				CA9DACF52C7A657C00ACFE80 /* View */,
				CA9DACF62C7A65CE00ACFE80 /* Interactor */,
				CA9DACF92C7A65FE00ACFE80 /* Presenter */,
				CA9DACFC2C7A661E00ACFE80 /* Router */,
			);
			path = AddToDo;
			sourceTree = "<group>";
		};
		CA9DACF52C7A657C00ACFE80 /* View */ = {
			isa = PBXGroup;
			children = (
				CA9DACE92C79E51D00ACFE80 /* AddToDoViewController.swift */,
			);
			path = View;
			sourceTree = "<group>";
		};
		CA9DACF62C7A65CE00ACFE80 /* Interactor */ = {
			isa = PBXGroup;
			children = (
				CA9DACF72C7A65DB00ACFE80 /* AddToDoInteractor.swift */,
			);
			path = Interactor;
			sourceTree = "<group>";
		};
		CA9DACF92C7A65FE00ACFE80 /* Presenter */ = {
			isa = PBXGroup;
			children = (
				CA9DACFA2C7A660A00ACFE80 /* AddToDoPresenter.swift */,
			);
			path = Presenter;
			sourceTree = "<group>";
		};
		CA9DACFC2C7A661E00ACFE80 /* Router */ = {
			isa = PBXGroup;
			children = (
				CA9DACFD2C7A662900ACFE80 /* AddToDoRouter.swift */,
			);
			path = Router;
			sourceTree = "<group>";
		};
		CA9DACFF2C7A707000ACFE80 /* EditToDo */ = {
			isa = PBXGroup;
			children = (
				CA9DAD002C7A708000ACFE80 /* View */,
				CA9DAD012C7A708600ACFE80 /* Interactor */,
				CA9DAD042C7A70F000ACFE80 /* Presenter */,
				CA9DAD072C7A712B00ACFE80 /* Router */,
			);
			path = EditToDo;
			sourceTree = "<group>";
		};
		CA9DAD002C7A708000ACFE80 /* View */ = {
			isa = PBXGroup;
			children = (
				CA9DACEB2C7A04AA00ACFE80 /* EditToDoViewController.swift */,
			);
			path = View;
			sourceTree = "<group>";
		};
		CA9DAD012C7A708600ACFE80 /* Interactor */ = {
			isa = PBXGroup;
			children = (
				CA9DAD022C7A709A00ACFE80 /* EditToDoInteractor.swift */,
			);
			path = Interactor;
			sourceTree = "<group>";
		};
		CA9DAD042C7A70F000ACFE80 /* Presenter */ = {
			isa = PBXGroup;
			children = (
				CA9DAD052C7A710200ACFE80 /* EditToDoPresenter.swift */,
			);
			path = Presenter;
			sourceTree = "<group>";
		};
		CA9DAD072C7A712B00ACFE80 /* Router */ = {
			isa = PBXGroup;
			children = (
				CA9DAD082C7A713500ACFE80 /* EditToDoRouter.swift */,
			);
			path = Router;
			sourceTree = "<group>";
		};
		CAC10B062C7B436C00DB451D /* ToDoListTests */ = {
			isa = PBXGroup;
			children = (
				CAC10B0E2C7B438500DB451D /* ToDoListInteractorTests.swift */,
				CAC10B0F2C7B438500DB451D /* ToDoListRouterTests.swift */,
				CAC10B102C7B438500DB451D /* todos.json */,
			);
			path = ToDoListTests;
			sourceTree = "<group>";
		};
/* End PBXGroup section */

/* Begin PBXNativeTarget section */
		CA9DAC9B2C79D39000ACFE80 /* ToDoList */ = {
			isa = PBXNativeTarget;
			buildConfigurationList = CA9DACC92C79D39100ACFE80 /* Build configuration list for PBXNativeTarget "ToDoList" */;
			buildPhases = (
				CA9DAC982C79D39000ACFE80 /* Sources */,
				CA9DAC992C79D39000ACFE80 /* Frameworks */,
				CA9DAC9A2C79D39000ACFE80 /* Resources */,
			);
			buildRules = (
			);
			dependencies = (
			);
			name = ToDoList;
			packageProductDependencies = (
				CA9DACF12C7A359100ACFE80 /* Alamofire */,
			);
			productName = ToDoList;
			productReference = CA9DAC9C2C79D39000ACFE80 /* ToDoList.app */;
			productType = "com.apple.product-type.application";
		};
		CAC10B042C7B436C00DB451D /* ToDoListTests */ = {
			isa = PBXNativeTarget;
			buildConfigurationList = CAC10B0B2C7B436C00DB451D /* Build configuration list for PBXNativeTarget "ToDoListTests" */;
			buildPhases = (
				CAC10B012C7B436C00DB451D /* Sources */,
				CAC10B022C7B436C00DB451D /* Frameworks */,
				CAC10B032C7B436C00DB451D /* Resources */,
			);
			buildRules = (
			);
			dependencies = (
				CAC10B0A2C7B436C00DB451D /* PBXTargetDependency */,
			);
			name = ToDoListTests;
			productName = ToDoListTests;
			productReference = CAC10B052C7B436C00DB451D /* ToDoListTests.xctest */;
			productType = "com.apple.product-type.bundle.unit-test";
		};
/* End PBXNativeTarget section */

/* Begin PBXProject section */
		CA9DAC942C79D39000ACFE80 /* Project object */ = {
			isa = PBXProject;
			attributes = {
				BuildIndependentTargetsInParallel = 1;
				LastSwiftUpdateCheck = 1540;
				LastUpgradeCheck = 1540;
				TargetAttributes = {
					CA9DAC9B2C79D39000ACFE80 = {
						CreatedOnToolsVersion = 15.4;
					};
					CAC10B042C7B436C00DB451D = {
						CreatedOnToolsVersion = 15.4;
						TestTargetID = CA9DAC9B2C79D39000ACFE80;
					};
				};
			};
			buildConfigurationList = CA9DAC972C79D39000ACFE80 /* Build configuration list for PBXProject "ToDoList" */;
			compatibilityVersion = "Xcode 14.0";
			developmentRegion = en;
			hasScannedForEncodings = 0;
			knownRegions = (
				en,
				Base,
			);
			mainGroup = CA9DAC932C79D39000ACFE80;
			packageReferences = (
				CA9DACF02C7A359100ACFE80 /* XCRemoteSwiftPackageReference "Alamofire" */,
			);
			productRefGroup = CA9DAC9D2C79D39000ACFE80 /* Products */;
			projectDirPath = "";
			projectRoot = "";
			targets = (
				CA9DAC9B2C79D39000ACFE80 /* ToDoList */,
				CAC10B042C7B436C00DB451D /* ToDoListTests */,
			);
		};
/* End PBXProject section */

/* Begin PBXResourcesBuildPhase section */
		CA9DAC9A2C79D39000ACFE80 /* Resources */ = {
			isa = PBXResourcesBuildPhase;
			buildActionMask = 2147483647;
			files = (
				CA9DACAC2C79D39000ACFE80 /* Assets.xcassets in Resources */,
				CA9DACAF2C79D39000ACFE80 /* Base in Resources */,
			);
			runOnlyForDeploymentPostprocessing = 0;
		};
		CAC10B032C7B436C00DB451D /* Resources */ = {
			isa = PBXResourcesBuildPhase;
			buildActionMask = 2147483647;
			files = (
				CAC10B132C7B438500DB451D /* todos.json in Resources */,
			);
			runOnlyForDeploymentPostprocessing = 0;
		};
/* End PBXResourcesBuildPhase section */

/* Begin PBXSourcesBuildPhase section */
		CA9DAC982C79D39000ACFE80 /* Sources */ = {
			isa = PBXSourcesBuildPhase;
			buildActionMask = 2147483647;
			files = (
				CA9DACDA2C79D4DD00ACFE80 /* ToDoListViewController.swift in Sources */,
				CA9DACA02C79D39000ACFE80 /* AppDelegate.swift in Sources */,
				CA9DACEC2C7A04AA00ACFE80 /* EditToDoViewController.swift in Sources */,
				CA9DACEA2C79E51D00ACFE80 /* AddToDoViewController.swift in Sources */,
				CA9DACFE2C7A662900ACFE80 /* AddToDoRouter.swift in Sources */,
				CA9DACF82C7A65DB00ACFE80 /* AddToDoInteractor.swift in Sources */,
				CA9DAD062C7A710200ACFE80 /* EditToDoPresenter.swift in Sources */,
				CA9DACA22C79D39000ACFE80 /* SceneDelegate.swift in Sources */,
				CA9DACDC2C79D4E800ACFE80 /* ToDoListPresenter.swift in Sources */,
				CA9DACE02C79D50000ACFE80 /* ToDoListRouter.swift in Sources */,
				CA9DAD092C7A713500ACFE80 /* EditToDoRouter.swift in Sources */,
				CA9DAD032C7A709A00ACFE80 /* EditToDoInteractor.swift in Sources */,
				CA9DACDE2C79D4F400ACFE80 /* ToDoListInteractor.swift in Sources */,
				CA9DACE82C79E09600ACFE80 /* ToDoTableViewCell.swift in Sources */,
				CA9DACFB2C7A660A00ACFE80 /* AddToDoPresenter.swift in Sources */,
				CA9DACE22C79D84100ACFE80 /* CoreDataManager.swift in Sources */,
				CA9DAD0B2C7B157500ACFE80 /* ToDoEntity.swift in Sources */,
				CA9DACAA2C79D39000ACFE80 /* ToDoList.xcdatamodeld in Sources */,
			);
			runOnlyForDeploymentPostprocessing = 0;
		};
		CAC10B012C7B436C00DB451D /* Sources */ = {
			isa = PBXSourcesBuildPhase;
			buildActionMask = 2147483647;
			files = (
				CAC10B112C7B438500DB451D /* ToDoListInteractorTests.swift in Sources */,
				CAC10B122C7B438500DB451D /* ToDoListRouterTests.swift in Sources */,
			);
			runOnlyForDeploymentPostprocessing = 0;
		};
/* End PBXSourcesBuildPhase section */

/* Begin PBXTargetDependency section */
		CAC10B0A2C7B436C00DB451D /* PBXTargetDependency */ = {
			isa = PBXTargetDependency;
			target = CA9DAC9B2C79D39000ACFE80 /* ToDoList */;
			targetProxy = CAC10B092C7B436C00DB451D /* PBXContainerItemProxy */;
		};
/* End PBXTargetDependency section */

/* Begin PBXVariantGroup section */
		CA9DACAD2C79D39000ACFE80 /* LaunchScreen.storyboard */ = {
			isa = PBXVariantGroup;
			children = (
				CA9DACAE2C79D39000ACFE80 /* Base */,
			);
			name = LaunchScreen.storyboard;
			sourceTree = "<group>";
		};
/* End PBXVariantGroup section */

/* Begin XCBuildConfiguration section */
		CA9DACC72C79D39100ACFE80 /* Debug */ = {
			isa = XCBuildConfiguration;
			buildSettings = {
				ALWAYS_SEARCH_USER_PATHS = NO;
				ASSETCATALOG_COMPILER_GENERATE_SWIFT_ASSET_SYMBOL_EXTENSIONS = YES;
				CLANG_ANALYZER_NONNULL = YES;
				CLANG_ANALYZER_NUMBER_OBJECT_CONVERSION = YES_AGGRESSIVE;
				CLANG_CXX_LANGUAGE_STANDARD = "gnu++20";
				CLANG_ENABLE_MODULES = YES;
				CLANG_ENABLE_OBJC_ARC = YES;
				CLANG_ENABLE_OBJC_WEAK = YES;
				CLANG_WARN_BLOCK_CAPTURE_AUTORELEASING = YES;
				CLANG_WARN_BOOL_CONVERSION = YES;
				CLANG_WARN_COMMA = YES;
				CLANG_WARN_CONSTANT_CONVERSION = YES;
				CLANG_WARN_DEPRECATED_OBJC_IMPLEMENTATIONS = YES;
				CLANG_WARN_DIRECT_OBJC_ISA_USAGE = YES_ERROR;
				CLANG_WARN_DOCUMENTATION_COMMENTS = YES;
				CLANG_WARN_EMPTY_BODY = YES;
				CLANG_WARN_ENUM_CONVERSION = YES;
				CLANG_WARN_INFINITE_RECURSION = YES;
				CLANG_WARN_INT_CONVERSION = YES;
				CLANG_WARN_NON_LITERAL_NULL_CONVERSION = YES;
				CLANG_WARN_OBJC_IMPLICIT_RETAIN_SELF = YES;
				CLANG_WARN_OBJC_LITERAL_CONVERSION = YES;
				CLANG_WARN_OBJC_ROOT_CLASS = YES_ERROR;
				CLANG_WARN_QUOTED_INCLUDE_IN_FRAMEWORK_HEADER = YES;
				CLANG_WARN_RANGE_LOOP_ANALYSIS = YES;
				CLANG_WARN_STRICT_PROTOTYPES = YES;
				CLANG_WARN_SUSPICIOUS_MOVE = YES;
				CLANG_WARN_UNGUARDED_AVAILABILITY = YES_AGGRESSIVE;
				CLANG_WARN_UNREACHABLE_CODE = YES;
				CLANG_WARN__DUPLICATE_METHOD_MATCH = YES;
				COPY_PHASE_STRIP = NO;
				DEBUG_INFORMATION_FORMAT = dwarf;
				ENABLE_STRICT_OBJC_MSGSEND = YES;
				ENABLE_TESTABILITY = YES;
				ENABLE_USER_SCRIPT_SANDBOXING = YES;
				GCC_C_LANGUAGE_STANDARD = gnu17;
				GCC_DYNAMIC_NO_PIC = NO;
				GCC_NO_COMMON_BLOCKS = YES;
				GCC_OPTIMIZATION_LEVEL = 0;
				GCC_PREPROCESSOR_DEFINITIONS = (
					"DEBUG=1",
					"$(inherited)",
				);
				GCC_WARN_64_TO_32_BIT_CONVERSION = YES;
				GCC_WARN_ABOUT_RETURN_TYPE = YES_ERROR;
				GCC_WARN_UNDECLARED_SELECTOR = YES;
				GCC_WARN_UNINITIALIZED_AUTOS = YES_AGGRESSIVE;
				GCC_WARN_UNUSED_FUNCTION = YES;
				GCC_WARN_UNUSED_VARIABLE = YES;
				IPHONEOS_DEPLOYMENT_TARGET = 17.5;
				LOCALIZATION_PREFERS_STRING_CATALOGS = YES;
				MTL_ENABLE_DEBUG_INFO = INCLUDE_SOURCE;
				MTL_FAST_MATH = YES;
				ONLY_ACTIVE_ARCH = YES;
				SDKROOT = iphoneos;
				SWIFT_ACTIVE_COMPILATION_CONDITIONS = "DEBUG $(inherited)";
				SWIFT_OPTIMIZATION_LEVEL = "-Onone";
			};
			name = Debug;
		};
		CA9DACC82C79D39100ACFE80 /* Release */ = {
			isa = XCBuildConfiguration;
			buildSettings = {
				ALWAYS_SEARCH_USER_PATHS = NO;
				ASSETCATALOG_COMPILER_GENERATE_SWIFT_ASSET_SYMBOL_EXTENSIONS = YES;
				CLANG_ANALYZER_NONNULL = YES;
				CLANG_ANALYZER_NUMBER_OBJECT_CONVERSION = YES_AGGRESSIVE;
				CLANG_CXX_LANGUAGE_STANDARD = "gnu++20";
				CLANG_ENABLE_MODULES = YES;
				CLANG_ENABLE_OBJC_ARC = YES;
				CLANG_ENABLE_OBJC_WEAK = YES;
				CLANG_WARN_BLOCK_CAPTURE_AUTORELEASING = YES;
				CLANG_WARN_BOOL_CONVERSION = YES;
				CLANG_WARN_COMMA = YES;
				CLANG_WARN_CONSTANT_CONVERSION = YES;
				CLANG_WARN_DEPRECATED_OBJC_IMPLEMENTATIONS = YES;
				CLANG_WARN_DIRECT_OBJC_ISA_USAGE = YES_ERROR;
				CLANG_WARN_DOCUMENTATION_COMMENTS = YES;
				CLANG_WARN_EMPTY_BODY = YES;
				CLANG_WARN_ENUM_CONVERSION = YES;
				CLANG_WARN_INFINITE_RECURSION = YES;
				CLANG_WARN_INT_CONVERSION = YES;
				CLANG_WARN_NON_LITERAL_NULL_CONVERSION = YES;
				CLANG_WARN_OBJC_IMPLICIT_RETAIN_SELF = YES;
				CLANG_WARN_OBJC_LITERAL_CONVERSION = YES;
				CLANG_WARN_OBJC_ROOT_CLASS = YES_ERROR;
				CLANG_WARN_QUOTED_INCLUDE_IN_FRAMEWORK_HEADER = YES;
				CLANG_WARN_RANGE_LOOP_ANALYSIS = YES;
				CLANG_WARN_STRICT_PROTOTYPES = YES;
				CLANG_WARN_SUSPICIOUS_MOVE = YES;
				CLANG_WARN_UNGUARDED_AVAILABILITY = YES_AGGRESSIVE;
				CLANG_WARN_UNREACHABLE_CODE = YES;
				CLANG_WARN__DUPLICATE_METHOD_MATCH = YES;
				COPY_PHASE_STRIP = NO;
				DEBUG_INFORMATION_FORMAT = "dwarf-with-dsym";
				ENABLE_NS_ASSERTIONS = NO;
				ENABLE_STRICT_OBJC_MSGSEND = YES;
				ENABLE_USER_SCRIPT_SANDBOXING = YES;
				GCC_C_LANGUAGE_STANDARD = gnu17;
				GCC_NO_COMMON_BLOCKS = YES;
				GCC_WARN_64_TO_32_BIT_CONVERSION = YES;
				GCC_WARN_ABOUT_RETURN_TYPE = YES_ERROR;
				GCC_WARN_UNDECLARED_SELECTOR = YES;
				GCC_WARN_UNINITIALIZED_AUTOS = YES_AGGRESSIVE;
				GCC_WARN_UNUSED_FUNCTION = YES;
				GCC_WARN_UNUSED_VARIABLE = YES;
				IPHONEOS_DEPLOYMENT_TARGET = 17.5;
				LOCALIZATION_PREFERS_STRING_CATALOGS = YES;
				MTL_ENABLE_DEBUG_INFO = NO;
				MTL_FAST_MATH = YES;
				SDKROOT = iphoneos;
				SWIFT_COMPILATION_MODE = wholemodule;
				VALIDATE_PRODUCT = YES;
			};
			name = Release;
		};
		CA9DACCA2C79D39100ACFE80 /* Debug */ = {
			isa = XCBuildConfiguration;
			buildSettings = {
				ASSETCATALOG_COMPILER_APPICON_NAME = AppIcon;
				ASSETCATALOG_COMPILER_GLOBAL_ACCENT_COLOR_NAME = AccentColor;
				CODE_SIGN_STYLE = Automatic;
				CURRENT_PROJECT_VERSION = 1;
				DEVELOPMENT_TEAM = 8U7D8W8J2D;
				GENERATE_INFOPLIST_FILE = YES;
				INFOPLIST_FILE = ToDoList/Info.plist;
				INFOPLIST_KEY_CFBundleDisplayName = ToDoList;
				INFOPLIST_KEY_LSApplicationCategoryType = "public.app-category.productivity";
				INFOPLIST_KEY_UIApplicationSupportsIndirectInputEvents = YES;
				INFOPLIST_KEY_UILaunchStoryboardName = LaunchScreen;
				INFOPLIST_KEY_UISupportedInterfaceOrientations = UIInterfaceOrientationPortrait;
				INFOPLIST_KEY_UISupportedInterfaceOrientations_iPad = "UIInterfaceOrientationLandscapeLeft UIInterfaceOrientationLandscapeRight UIInterfaceOrientationPortrait UIInterfaceOrientationPortraitUpsideDown";
				IPHONEOS_DEPLOYMENT_TARGET = 15.0;
				LD_RUNPATH_SEARCH_PATHS = (
					"$(inherited)",
					"@executable_path/Frameworks",
				);
				MARKETING_VERSION = 1.0;
				PRODUCT_BUNDLE_IDENTIFIER = maksimova.ToDoList;
				PRODUCT_NAME = "$(TARGET_NAME)";
				SWIFT_EMIT_LOC_STRINGS = YES;
				SWIFT_VERSION = 5.0;
				TARGETED_DEVICE_FAMILY = "1,2";
			};
			name = Debug;
		};
		CA9DACCB2C79D39100ACFE80 /* Release */ = {
			isa = XCBuildConfiguration;
			buildSettings = {
				ASSETCATALOG_COMPILER_APPICON_NAME = AppIcon;
				ASSETCATALOG_COMPILER_GLOBAL_ACCENT_COLOR_NAME = AccentColor;
				CODE_SIGN_STYLE = Automatic;
				CURRENT_PROJECT_VERSION = 1;
				DEVELOPMENT_TEAM = 8U7D8W8J2D;
				GENERATE_INFOPLIST_FILE = YES;
				INFOPLIST_FILE = ToDoList/Info.plist;
				INFOPLIST_KEY_CFBundleDisplayName = ToDoList;
				INFOPLIST_KEY_LSApplicationCategoryType = "public.app-category.productivity";
				INFOPLIST_KEY_UIApplicationSupportsIndirectInputEvents = YES;
				INFOPLIST_KEY_UILaunchStoryboardName = LaunchScreen;
				INFOPLIST_KEY_UISupportedInterfaceOrientations = UIInterfaceOrientationPortrait;
				INFOPLIST_KEY_UISupportedInterfaceOrientations_iPad = "UIInterfaceOrientationLandscapeLeft UIInterfaceOrientationLandscapeRight UIInterfaceOrientationPortrait UIInterfaceOrientationPortraitUpsideDown";
				IPHONEOS_DEPLOYMENT_TARGET = 15.0;
				LD_RUNPATH_SEARCH_PATHS = (
					"$(inherited)",
					"@executable_path/Frameworks",
				);
				MARKETING_VERSION = 1.0;
				PRODUCT_BUNDLE_IDENTIFIER = maksimova.ToDoList;
				PRODUCT_NAME = "$(TARGET_NAME)";
				SWIFT_EMIT_LOC_STRINGS = YES;
				SWIFT_VERSION = 5.0;
				TARGETED_DEVICE_FAMILY = "1,2";
			};
			name = Release;
		};
		CAC10B0C2C7B436C00DB451D /* Debug */ = {
			isa = XCBuildConfiguration;
			buildSettings = {
				BUNDLE_LOADER = "$(TEST_HOST)";
				CODE_SIGN_STYLE = Automatic;
				CURRENT_PROJECT_VERSION = 1;
				DEVELOPMENT_TEAM = 8U7D8W8J2D;
				GENERATE_INFOPLIST_FILE = YES;
				MARKETING_VERSION = 1.0;
				PRODUCT_BUNDLE_IDENTIFIER = maksimova.ToDoListTests;
				PRODUCT_NAME = "$(TARGET_NAME)";
				SWIFT_EMIT_LOC_STRINGS = NO;
				SWIFT_VERSION = 5.0;
				TARGETED_DEVICE_FAMILY = "1,2";
				TEST_HOST = "$(BUILT_PRODUCTS_DIR)/ToDoList.app/$(BUNDLE_EXECUTABLE_FOLDER_PATH)/ToDoList";
			};
			name = Debug;
		};
		CAC10B0D2C7B436C00DB451D /* Release */ = {
			isa = XCBuildConfiguration;
			buildSettings = {
				BUNDLE_LOADER = "$(TEST_HOST)";
				CODE_SIGN_STYLE = Automatic;
				CURRENT_PROJECT_VERSION = 1;
				DEVELOPMENT_TEAM = 8U7D8W8J2D;
				GENERATE_INFOPLIST_FILE = YES;
				MARKETING_VERSION = 1.0;
				PRODUCT_BUNDLE_IDENTIFIER = maksimova.ToDoListTests;
				PRODUCT_NAME = "$(TARGET_NAME)";
				SWIFT_EMIT_LOC_STRINGS = NO;
				SWIFT_VERSION = 5.0;
				TARGETED_DEVICE_FAMILY = "1,2";
				TEST_HOST = "$(BUILT_PRODUCTS_DIR)/ToDoList.app/$(BUNDLE_EXECUTABLE_FOLDER_PATH)/ToDoList";
			};
			name = Release;
		};
/* End XCBuildConfiguration section */

/* Begin XCConfigurationList section */
		CA9DAC972C79D39000ACFE80 /* Build configuration list for PBXProject "ToDoList" */ = {
			isa = XCConfigurationList;
			buildConfigurations = (
				CA9DACC72C79D39100ACFE80 /* Debug */,
				CA9DACC82C79D39100ACFE80 /* Release */,
			);
			defaultConfigurationIsVisible = 0;
			defaultConfigurationName = Release;
		};
		CA9DACC92C79D39100ACFE80 /* Build configuration list for PBXNativeTarget "ToDoList" */ = {
			isa = XCConfigurationList;
			buildConfigurations = (
				CA9DACCA2C79D39100ACFE80 /* Debug */,
				CA9DACCB2C79D39100ACFE80 /* Release */,
			);
			defaultConfigurationIsVisible = 0;
			defaultConfigurationName = Release;
		};
		CAC10B0B2C7B436C00DB451D /* Build configuration list for PBXNativeTarget "ToDoListTests" */ = {
			isa = XCConfigurationList;
			buildConfigurations = (
				CAC10B0C2C7B436C00DB451D /* Debug */,
				CAC10B0D2C7B436C00DB451D /* Release */,
			);
			defaultConfigurationIsVisible = 0;
			defaultConfigurationName = Release;
		};
/* End XCConfigurationList section */

/* Begin XCRemoteSwiftPackageReference section */
		CA9DACF02C7A359100ACFE80 /* XCRemoteSwiftPackageReference "Alamofire" */ = {
			isa = XCRemoteSwiftPackageReference;
			repositoryURL = "https://github.com/Alamofire/Alamofire.git";
			requirement = {
				kind = upToNextMajorVersion;
				minimumVersion = 5.9.1;
			};
		};
/* End XCRemoteSwiftPackageReference section */

/* Begin XCSwiftPackageProductDependency section */
		CA9DACF12C7A359100ACFE80 /* Alamofire */ = {
			isa = XCSwiftPackageProductDependency;
			package = CA9DACF02C7A359100ACFE80 /* XCRemoteSwiftPackageReference "Alamofire" */;
			productName = Alamofire;
		};
/* End XCSwiftPackageProductDependency section */

/* Begin XCVersionGroup section */
		CA9DACA82C79D39000ACFE80 /* ToDoList.xcdatamodeld */ = {
			isa = XCVersionGroup;
			children = (
				CA9DACA92C79D39000ACFE80 /* ToDoList.xcdatamodel */,
			);
			currentVersion = CA9DACA92C79D39000ACFE80 /* ToDoList.xcdatamodel */;
			path = ToDoList.xcdatamodeld;
			sourceTree = "<group>";
			versionGroupType = wrapper.xcdatamodel;
		};
/* End XCVersionGroup section */
	};
	rootObject = CA9DAC942C79D39000ACFE80 /* Project object */;
}
